
Microsoft Visual Studio Solution File, Format Version 12.00
# Visual Studio Version 16
VisualStudioVersion = 16.0.29519.87
MinimumVisualStudioVersion = 10.0.40219.1
Project("{FAE04EC0-301F-11D3-BF4B-00C04F79EFBC}") = "ProjetoAutenticacao", "ProjetoAutenticacao\ProjetoAutenticacao.csproj", "{87703D18-8B7F-4A37-BE55-E8FFF8BD5810}"
EndProject
Global
	GlobalSection(SolutionConfigurationPlatforms) = preSolution
		Debug|Any CPU = Debug|Any CPU
		Release|Any CPU = Release|Any CPU
	EndGlobalSection
	GlobalSection(ProjectConfigurationPlatforms) = postSolution
		{87703D18-8B7F-4A37-BE55-E8FFF8BD5810}.Debug|Any CPU.ActiveCfg = Debug|Any CPU
		{87703D18-8B7F-4A37-BE55-E8FFF8BD5810}.Debug|Any CPU.Build.0 = Debug|Any CPU
		{87703D18-8B7F-4A37-BE55-E8FFF8BD5810}.Release|Any CPU.ActiveCfg = Release|Any CPU
		{87703D18-8B7F-4A37-BE55-E8FFF8BD5810}.Release|Any CPU.Build.0 = Release|Any CPU
	EndGlobalSection
	GlobalSection(SolutionProperties) = preSolution
		HideSolutionNode = FALSE
	EndGlobalSection
	GlobalSection(ExtensibilityGlobals) = postSolution
		SolutionGuid = {467904A1-CC99-42B3-9B32-675CCF863893}
	EndGlobalSection
EndGlobal
